
Microsoft Visual Studio Solution File, Format Version 12.00
# Visual Studio Version 17
VisualStudioVersion = 17.3.32929.385
MinimumVisualStudioVersion = 10.0.40219.1
Project("{FAE04EC0-301F-11D3-BF4B-00C04F79EFBC}") = "CustomFieldsManager", "CustomFieldsManager\CustomFieldsManager.csproj", "{9274A7FC-F75F-4892-B427-9E8AA54F3564}"
EndProject
Global
	GlobalSection(SolutionConfigurationPlatforms) = preSolution
		Debug|Any CPU = Debug|Any CPU
		Release|Any CPU = Release|Any CPU
	EndGlobalSection
	GlobalSection(ProjectConfigurationPlatforms) = postSolution
		{9274A7FC-F75F-4892-B427-9E8AA54F3564}.Debug|Any CPU.ActiveCfg = Debug|Any CPU
		{9274A7FC-F75F-4892-B427-9E8AA54F3564}.Debug|Any CPU.Build.0 = Debug|Any CPU
		{9274A7FC-F75F-4892-B427-9E8AA54F3564}.Release|Any CPU.ActiveCfg = Release|Any CPU
		{9274A7FC-F75F-4892-B427-9E8AA54F3564}.Release|Any CPU.Build.0 = Release|Any CPU
	EndGlobalSection
	GlobalSection(SolutionProperties) = preSolution
		HideSolutionNode = FALSE
	EndGlobalSection
	GlobalSection(ExtensibilityGlobals) = postSolution
		SolutionGuid = {B95D09A3-6AFB-438D-8F63-49E41FD35A4D}
	EndGlobalSection
EndGlobal
